<?xml version="1.0" encoding="utf-8"?>
<Project ToolsVersion="4.0" xmlns="http://schemas.microsoft.com/developer/msbuild/2003">
  <ItemGroup>
    <ClCompile Include="D3D11GraphicsDeviceTest.cpp">
      <Filter>Test Files</Filter>
    </ClCompile>
    <ClCompile Include="D3D11GraphicsDeviceTestBase.cpp">
      <Filter>Test Files</Filter>
    </ClCompile>
    <ClCompile Include="NvEncoderD3D11Test.cpp">
      <Filter>Test Files</Filter>
    </ClCompile>
    <ClCompile Include="pch.cpp">
      <Filter>Test Files</Filter>
    </ClCompile>
    <ClCompile Include="..\WebRTCPlugin\Callback.cpp">
      <Filter>Source Files</Filter>
    </ClCompile>
    <ClCompile Include="..\WebRTCPlugin\Context.cpp">
      <Filter>Source Files</Filter>
    </ClCompile>
    <ClCompile Include="..\WebRTCPlugin\DataChannelObject.cpp">
      <Filter>Source Files</Filter>
    </ClCompile>
    <ClCompile Include="..\WebRTCPlugin\DummyAudioDevice.cpp">
      <Filter>Source Files</Filter>
    </ClCompile>
    <ClCompile Include="..\WebRTCPlugin\DummyVideoEncoder.cpp">
      <Filter>Source Files</Filter>
    </ClCompile>
    <ClCompile Include="..\WebRTCPlugin\Logger.cpp">
      <Filter>Source Files</Filter>
    </ClCompile>
    <ClCompile Include="..\WebRTCPlugin\NvVideoCapturer.cpp">
      <Filter>Source Files</Filter>
    </ClCompile>
    <ClCompile Include="..\WebRTCPlugin\pch.cpp">
      <Filter>Source Files</Filter>
    </ClCompile>
    <ClCompile Include="..\WebRTCPlugin\PeerConnectionObject.cpp">
      <Filter>Source Files</Filter>
    </ClCompile>
    <ClCompile Include="..\WebRTCPlugin\WebRTCPlugin.cpp">
      <Filter>Source Files</Filter>
    </ClCompile>
    <ClCompile Include="..\WebRTCPlugin\GraphicsDevice\GraphicsDevice.cpp">
      <Filter>GraphicsDevice</Filter>
    </ClCompile>
    <ClCompile Include="..\WebRTCPlugin\GraphicsDevice\IGraphicsDevice.cpp">
      <Filter>GraphicsDevice</Filter>
    </ClCompile>
    <ClCompile Include="..\WebRTCPlugin\GraphicsDevice\ITexture2D.cpp">
      <Filter>GraphicsDevice</Filter>
    </ClCompile>
    <ClCompile Include="..\WebRTCPlugin\GraphicsDevice\D3D11\D3D11GraphicsDevice.cpp">
      <Filter>GraphicsDevice\D3D11</Filter>
    </ClCompile>
    <ClCompile Include="..\WebRTCPlugin\GraphicsDevice\D3D11\D3D11Texture2D.cpp">
      <Filter>GraphicsDevice\D3D11</Filter>
    </ClCompile>
    <ClCompile Include="..\WebRTCPlugin\GraphicsDevice\D3D12\D3D12GraphicsDevice.cpp">
      <Filter>GraphicsDevice\D3D12</Filter>
    </ClCompile>
    <ClCompile Include="..\WebRTCPlugin\GraphicsDevice\D3D12\D3D12Texture2D.cpp">
      <Filter>GraphicsDevice\D3D12</Filter>
    </ClCompile>
    <ClCompile Include="..\WebRTCPlugin\Codec\EncoderFactory.cpp">
      <Filter>Codec</Filter>
    </ClCompile>
    <ClCompile Include="..\WebRTCPlugin\Codec\NvCodec\NvEncoder.cpp">
      <Filter>Codec\NvCodec</Filter>
    </ClCompile>
    <ClCompile Include="..\WebRTCPlugin\Codec\NvCodec\NvEncoderD3D11.cpp">
      <Filter>Codec\NvCodec</Filter>
    </ClCompile>
  </ItemGroup>
  <ItemGroup>
    <ClInclude Include="D3D11GraphicsDeviceTestBase.h">
      <Filter>Test Files</Filter>
    </ClInclude>
    <ClInclude Include="pch.h">
      <Filter>Test Files</Filter>
    </ClInclude>
    <ClInclude Include="..\WebRTCPlugin\Context.h">
      <Filter>Header Files</Filter>
    </ClInclude>
    <ClInclude Include="..\WebRTCPlugin\DataChannelObject.h">
      <Filter>Header Files</Filter>
    </ClInclude>
    <ClInclude Include="..\WebRTCPlugin\DummyAudioDevice.h">
      <Filter>Header Files</Filter>
    </ClInclude>
    <ClInclude Include="..\WebRTCPlugin\DummyVideoEncoder.h">
      <Filter>Header Files</Filter>
    </ClInclude>
    <ClInclude Include="..\WebRTCPlugin\Logger.h">
      <Filter>Header Files</Filter>
    </ClInclude>
    <ClInclude Include="..\WebRTCPlugin\NvVideoCapturer.h">
      <Filter>Header Files</Filter>
    </ClInclude>
    <ClInclude Include="..\WebRTCPlugin\pch.h">
      <Filter>Header Files</Filter>
    </ClInclude>
    <ClInclude Include="..\WebRTCPlugin\PeerConnectionObject.h">
      <Filter>Header Files</Filter>
    </ClInclude>
    <ClInclude Include="..\WebRTCPlugin\PlatformBase.h">
      <Filter>Header Files</Filter>
    </ClInclude>
    <ClInclude Include="..\WebRTCPlugin\targetver.h">
      <Filter>Header Files</Filter>
    </ClInclude>
    <ClInclude Include="..\WebRTCPlugin\WebRTCConstants.h">
      <Filter>Header Files</Filter>
    </ClInclude>
    <ClInclude Include="..\WebRTCPlugin\WebRTCMacros.h">
      <Filter>Header Files</Filter>
    </ClInclude>
    <ClInclude Include="..\WebRTCPlugin\WebRTCPlugin.h">
      <Filter>Header Files</Filter>
    </ClInclude>
    <ClInclude Include="..\unity\include\IUnityGraphicsD3D11.h">
      <Filter>Header Files\Unity</Filter>
    </ClInclude>
    <ClInclude Include="..\unity\include\IUnityGraphicsD3D12.h">
      <Filter>Header Files\Unity</Filter>
    </ClInclude>
    <ClInclude Include="..\unity\include\IUnityInterface.h">
      <Filter>Header Files\Unity</Filter>
    </ClInclude>
    <ClInclude Include="..\unity\include\IUnityGraphics.h">
      <Filter>Header Files\Unity</Filter>
    </ClInclude>
    <ClInclude Include="..\WebRTCPlugin\GraphicsDevice\GraphicsDevice.h">
      <Filter>GraphicsDevice</Filter>
    </ClInclude>
    <ClInclude Include="..\WebRTCPlugin\GraphicsDevice\IGraphicsDevice.h">
      <Filter>GraphicsDevice</Filter>
    </ClInclude>
    <ClInclude Include="..\WebRTCPlugin\GraphicsDevice\ITexture2D.h">
      <Filter>GraphicsDevice</Filter>
    </ClInclude>
    <ClInclude Include="..\WebRTCPlugin\GraphicsDevice\D3D11\D3D11GraphicsDevice.h">
      <Filter>GraphicsDevice\D3D11</Filter>
    </ClInclude>
    <ClInclude Include="..\WebRTCPlugin\GraphicsDevice\D3D11\D3D11Texture2D.h">
      <Filter>GraphicsDevice\D3D11</Filter>
    </ClInclude>
    <ClInclude Include="..\WebRTCPlugin\GraphicsDevice\D3D12\D3D12GraphicsDevice.h">
      <Filter>GraphicsDevice\D3D12</Filter>
    </ClInclude>
    <ClInclude Include="..\WebRTCPlugin\GraphicsDevice\D3D12\D3D12Texture2D.h">
      <Filter>GraphicsDevice\D3D12</Filter>
    </ClInclude>
    <ClInclude Include="..\WebRTCPlugin\Codec\EncoderFactory.h">
      <Filter>Codec</Filter>
    </ClInclude>
    <ClInclude Include="..\WebRTCPlugin\Codec\IEncoder.h">
      <Filter>Codec</Filter>
    </ClInclude>
    <ClInclude Include="..\WebRTCPlugin\Codec\NvCodec\nvEncodeAPI.h">
      <Filter>Codec\NvCodec</Filter>
    </ClInclude>
    <ClInclude Include="..\WebRTCPlugin\Codec\NvCodec\NvEncoder.h">
      <Filter>Codec\NvCodec</Filter>
    </ClInclude>
    <ClInclude Include="..\WebRTCPlugin\Codec\NvCodec\NvEncoderD3D11.h">
      <Filter>Codec\NvCodec</Filter>
    </ClInclude>
  </ItemGroup>
  <ItemGroup>
    <Filter Include="Test Files">
      <UniqueIdentifier>{efd92ca1-adb8-4a6d-8930-31d7c92c2f1d}</UniqueIdentifier>
    </Filter>
    <Filter Include="Source Files">
      <UniqueIdentifier>{3344ba3d-34bb-4819-8907-3fbf69f70543}</UniqueIdentifier>
    </Filter>
    <Filter Include="Header Files">
      <UniqueIdentifier>{61a26adc-8864-4fdf-9beb-af964f7d048d}</UniqueIdentifier>
    </Filter>
    <Filter Include="Header Files\Unity">
      <UniqueIdentifier>{0daf64a4-d6f4-41cc-8ec8-f2f001d91c03}</UniqueIdentifier>
    </Filter>
    <Filter Include="GraphicsDevice">
      <UniqueIdentifier>{58ed1b63-2332-4d82-9011-65b4f547c66b}</UniqueIdentifier>
    </Filter>
    <Filter Include="GraphicsDevice\D3D11">
      <UniqueIdentifier>{7e93e5bd-da0f-4fe6-b372-8aa97fe14320}</UniqueIdentifier>
    </Filter>
    <Filter Include="GraphicsDevice\D3D12">
      <UniqueIdentifier>{a439fcad-a286-42bb-bcc6-15cc19adbc0a}</UniqueIdentifier>
    </Filter>
    <Filter Include="Codec">
      <UniqueIdentifier>{2b47b799-d890-46cd-8af3-174784d3ef50}</UniqueIdentifier>
    </Filter>
    <Filter Include="Codec\NvCodec">
      <UniqueIdentifier>{d79c0b00-9c97-4666-b84c-948f57798297}</UniqueIdentifier>
    </Filter>
  </ItemGroup>
  <ItemGroup>
    <None Include="packages.config">
      <Filter>Test Files</Filter>
    </None>
  </ItemGroup>
</Project>