<?xml version="1.0" encoding="utf-8"?>
<Project ToolsVersion="4.0" xmlns="http://schemas.microsoft.com/developer/msbuild/2003">
  <ItemGroup>
    <ClCompile Include="..\WebRTCPlugin\Callback.cpp" />
    <ClCompile Include="..\WebRTCPlugin\Codec\EncoderFactory.cpp" />
    <ClCompile Include="..\WebRTCPlugin\Codec\NvCodec\NvEncoder.cpp" />
    <ClCompile Include="..\WebRTCPlugin\Codec\NvCodec\NvEncoderCuda.cpp" />
    <ClCompile Include="..\WebRTCPlugin\Codec\NvCodec\NvEncoderD3D11.cpp" />
    <ClCompile Include="..\WebRTCPlugin\Codec\SoftwareCodec\SoftwareEncoder.cpp" />
    <ClCompile Include="..\WebRTCPlugin\Context.cpp" />
    <ClCompile Include="..\WebRTCPlugin\DataChannelObject.cpp" />
    <ClCompile Include="..\WebRTCPlugin\DummyAudioDevice.cpp" />
    <ClCompile Include="..\WebRTCPlugin\DummyVideoEncoder.cpp" />
    <ClCompile Include="..\WebRTCPlugin\GraphicsDevice\D3D11\D3D11GraphicsDevice.cpp" />
    <ClCompile Include="..\WebRTCPlugin\GraphicsDevice\D3D11\D3D11Texture2D.cpp" />
    <ClCompile Include="..\WebRTCPlugin\GraphicsDevice\D3D12\D3D12GraphicsDevice.cpp" />
    <ClCompile Include="..\WebRTCPlugin\GraphicsDevice\D3D12\D3D12Texture2D.cpp" />
    <ClCompile Include="..\WebRTCPlugin\GraphicsDevice\GraphicsDevice.cpp" />
    <ClCompile Include="..\WebRTCPlugin\GraphicsDevice\IGraphicsDevice.cpp" />
    <ClCompile Include="..\WebRTCPlugin\GraphicsDevice\ITexture2D.cpp" />
    <ClCompile Include="..\WebRTCPlugin\GraphicsDevice\Vulkan\Cuda\CudaContext.cpp" />
    <ClCompile Include="..\WebRTCPlugin\GraphicsDevice\Vulkan\Cuda\CudaImage.cpp" />
    <ClCompile Include="..\WebRTCPlugin\GraphicsDevice\Vulkan\VulkanGraphicsDevice.cpp" />
    <ClCompile Include="..\WebRTCPlugin\GraphicsDevice\Vulkan\VulkanTexture2D.cpp" />
    <ClCompile Include="..\WebRTCPlugin\GraphicsDevice\Vulkan\VulkanUtility.cpp" />
    <ClCompile Include="..\WebRTCPlugin\Logger.cpp" />
    <ClCompile Include="..\WebRTCPlugin\NvVideoCapturer.cpp" />
    <ClCompile Include="..\WebRTCPlugin\PeerConnectionObject.cpp" />
    <ClCompile Include="..\WebRTCPlugin\WebRTCPlugin.cpp" />
    <ClCompile Include="ContextTest.cpp" />
    <ClCompile Include="GraphicsDeviceTest.cpp" />
    <ClCompile Include="GraphicsDeviceTestBase.cpp" />
    <ClCompile Include="pch.cpp" />
    <ClCompile Include="VideoCapturerTest.cpp" />
    <ClCompile Include="NvCodec\NvEncoderTest.cpp">
      <Filter>NvCodec</Filter>
    </ClCompile>
  </ItemGroup>
  <ItemGroup>
    <ClInclude Include="..\unity\include\IUnityGraphics.h" />
    <ClInclude Include="..\unity\include\IUnityGraphicsD3D11.h" />
    <ClInclude Include="..\unity\include\IUnityGraphicsD3D12.h" />
    <ClInclude Include="..\unity\include\IUnityInterface.h" />
    <ClInclude Include="..\WebRTCPlugin\Codec\EncoderFactory.h" />
    <ClInclude Include="..\WebRTCPlugin\Codec\IEncoder.h" />
    <ClInclude Include="..\WebRTCPlugin\Codec\NvCodec\nvEncodeAPI.h" />
    <ClInclude Include="..\WebRTCPlugin\Codec\NvCodec\NvEncoder.h" />
    <ClInclude Include="..\WebRTCPlugin\Codec\NvCodec\NvEncoderCuda.h" />
    <ClInclude Include="..\WebRTCPlugin\Codec\NvCodec\NvEncoderD3D11.h" />
    <ClInclude Include="..\WebRTCPlugin\Codec\SoftwareCodec\SoftwareEncoder.h" />
    <ClInclude Include="..\WebRTCPlugin\Context.h" />
    <ClInclude Include="..\WebRTCPlugin\DataChannelObject.h" />
    <ClInclude Include="..\WebRTCPlugin\DummyAudioDevice.h" />
    <ClInclude Include="..\WebRTCPlugin\DummyVideoEncoder.h" />
    <ClInclude Include="..\WebRTCPlugin\GraphicsDevice\D3D11\D3D11GraphicsDevice.h" />
    <ClInclude Include="..\WebRTCPlugin\GraphicsDevice\D3D11\D3D11Texture2D.h" />
    <ClInclude Include="..\WebRTCPlugin\GraphicsDevice\D3D12\D3D12GraphicsDevice.h" />
    <ClInclude Include="..\WebRTCPlugin\GraphicsDevice\D3D12\D3D12Texture2D.h" />
    <ClInclude Include="..\WebRTCPlugin\GraphicsDevice\GraphicsDevice.h" />
    <ClInclude Include="..\WebRTCPlugin\GraphicsDevice\IGraphicsDevice.h" />
    <ClInclude Include="..\WebRTCPlugin\GraphicsDevice\ITexture2D.h" />
    <ClInclude Include="..\WebRTCPlugin\GraphicsDevice\Vulkan\Cuda\CudaContext.h" />
    <ClInclude Include="..\WebRTCPlugin\GraphicsDevice\Vulkan\Cuda\CudaImage.h" />
    <ClInclude Include="..\WebRTCPlugin\GraphicsDevice\Vulkan\VulkanGraphicsDevice.h" />
    <ClInclude Include="..\WebRTCPlugin\GraphicsDevice\Vulkan\VulkanTexture2D.h" />
    <ClInclude Include="..\WebRTCPlugin\GraphicsDevice\Vulkan\VulkanUtility.h" />
    <ClInclude Include="..\WebRTCPlugin\Logger.h" />
    <ClInclude Include="..\WebRTCPlugin\NvVideoCapturer.h" />
    <ClInclude Include="..\WebRTCPlugin\pch.h" />
    <ClInclude Include="..\WebRTCPlugin\PeerConnectionObject.h" />
    <ClInclude Include="..\WebRTCPlugin\PlatformBase.h" />
    <ClInclude Include="..\WebRTCPlugin\targetver.h" />
    <ClInclude Include="..\WebRTCPlugin\WebRTCConstants.h" />
    <ClInclude Include="..\WebRTCPlugin\WebRTCMacros.h" />
    <ClInclude Include="..\WebRTCPlugin\WebRTCPlugin.h" />
    <ClInclude Include="GraphicsDeviceTestBase.h" />
    <ClInclude Include="pch.h" />
  </ItemGroup>
  <ItemGroup>
    <None Include="packages.config" />
  </ItemGroup>
  <ItemGroup>
    <Filter Include="NvCodec">
      <UniqueIdentifier>{e416654c-1cb0-4144-9a65-cb6a3c3ed85d}</UniqueIdentifier>
    </Filter>
  </ItemGroup>
</Project>