
Microsoft Visual Studio Solution File, Format Version 12.00
# Visual Studio Version 17
VisualStudioVersion = 17.14.36221.1 d17.14
MinimumVisualStudioVersion = 10.0.40219.1
Project("{FAE04EC0-301F-11D3-BF4B-00C04F79EFBC}") = "WebRTC.Cookbook", "WebRTC.Cookbook.csproj", "{A5A71435-C891-4C78-989C-2713DAA7B3B8}"
EndProject
Global
	GlobalSection(SolutionConfigurationPlatforms) = preSolution
		Debug|Any CPU = Debug|Any CPU
		Release|Any CPU = Release|Any CPU
	EndGlobalSection
	GlobalSection(ProjectConfigurationPlatforms) = postSolution
		{A5A71435-C891-4C78-989C-2713DAA7B3B8}.Debug|Any CPU.ActiveCfg = Debug|Any CPU
		{A5A71435-C891-4C78-989C-2713DAA7B3B8}.Debug|Any CPU.Build.0 = Debug|Any CPU
		{A5A71435-C891-4C78-989C-2713DAA7B3B8}.Release|Any CPU.ActiveCfg = Release|Any CPU
		{A5A71435-C891-4C78-989C-2713DAA7B3B8}.Release|Any CPU.Build.0 = Release|Any CPU
	EndGlobalSection
	GlobalSection(SolutionProperties) = preSolution
		HideSolutionNode = FALSE
	EndGlobalSection
	GlobalSection(ExtensibilityGlobals) = postSolution
		SolutionGuid = {9736D945-752A-4855-8F0E-3E5B99611B3C}
	EndGlobalSection
EndGlobal
